// !$*UTF8*$!
{
	archiveVersion = 1;
	classes = {
	};
	objectVersion = 56;
	objects = {

/* Begin PBXBuildFile section */
		C34C15C22A9DAF7500FC7A70 /* AppDelegate.swift in Sources */ = {isa = PBXBuildFile; fileRef = C34C15C12A9DAF7500FC7A70 /* AppDelegate.swift */; };
		C34C15C42A9DAF7500FC7A70 /* SceneDelegate.swift in Sources */ = {isa = PBXBuildFile; fileRef = C34C15C32A9DAF7500FC7A70 /* SceneDelegate.swift */; };
		C34C15CB2A9DAF7700FC7A70 /* Assets.xcassets in Resources */ = {isa = PBXBuildFile; fileRef = C34C15CA2A9DAF7700FC7A70 /* Assets.xcassets */; };
		C34C15CE2A9DAF7700FC7A70 /* LaunchScreen.storyboard in Resources */ = {isa = PBXBuildFile; fileRef = C34C15CC2A9DAF7700FC7A70 /* LaunchScreen.storyboard */; };
		C34C15DB2A9DB19F00FC7A70 /* InfoHubViewController.swift in Sources */ = {isa = PBXBuildFile; fileRef = C34C15DA2A9DB19F00FC7A70 /* InfoHubViewController.swift */; };
		C34C15DD2A9DB1CA00FC7A70 /* InfoHubViewController.storyboard in Resources */ = {isa = PBXBuildFile; fileRef = C34C15DC2A9DB1CA00FC7A70 /* InfoHubViewController.storyboard */; };
		C34C15E22A9DB46600FC7A70 /* DataStore.swift in Sources */ = {isa = PBXBuildFile; fileRef = C34C15E12A9DB46600FC7A70 /* DataStore.swift */; };
		C34C15E42A9DC22F00FC7A70 /* InfoHubPresenter.swift in Sources */ = {isa = PBXBuildFile; fileRef = C34C15E32A9DC22F00FC7A70 /* InfoHubPresenter.swift */; };
		C34C15E62A9DC58200FC7A70 /* InfoHubInteractor.swift in Sources */ = {isa = PBXBuildFile; fileRef = C34C15E52A9DC58200FC7A70 /* InfoHubInteractor.swift */; };
		C34C15E82A9DC92500FC7A70 /* InfoHubConfigurator.swift in Sources */ = {isa = PBXBuildFile; fileRef = C34C15E72A9DC92500FC7A70 /* InfoHubConfigurator.swift */; };
		C34C15EA2A9DE5E900FC7A70 /* InfoHubRouter.swift in Sources */ = {isa = PBXBuildFile; fileRef = C34C15E92A9DE5E900FC7A70 /* InfoHubRouter.swift */; };
		C34C15EF2A9DE6FB00FC7A70 /* InfoHubListViewController.storyboard in Resources */ = {isa = PBXBuildFile; fileRef = C34C15EE2A9DE6FB00FC7A70 /* InfoHubListViewController.storyboard */; };
		C34C15F12A9DE81C00FC7A70 /* InfoHubListViewController.swift in Sources */ = {isa = PBXBuildFile; fileRef = C34C15F02A9DE81C00FC7A70 /* InfoHubListViewController.swift */; };
		C34C15F62A9DEE2700FC7A70 /* InfoHubListCell.swift in Sources */ = {isa = PBXBuildFile; fileRef = C34C15F42A9DEE2700FC7A70 /* InfoHubListCell.swift */; };
		C34C15F72A9DEE2700FC7A70 /* InfoHubListCell.xib in Resources */ = {isa = PBXBuildFile; fileRef = C34C15F52A9DEE2700FC7A70 /* InfoHubListCell.xib */; };
		C34C15FD2A9EE61A00FC7A70 /* InfoHubListPresenter.swift in Sources */ = {isa = PBXBuildFile; fileRef = C34C15FC2A9EE61A00FC7A70 /* InfoHubListPresenter.swift */; };
		C34C15FF2A9EE71200FC7A70 /* InfoHubListInteractor.swift in Sources */ = {isa = PBXBuildFile; fileRef = C34C15FE2A9EE71200FC7A70 /* InfoHubListInteractor.swift */; };
		C34C16012A9EEC2900FC7A70 /* InfoHubListRouter.swift in Sources */ = {isa = PBXBuildFile; fileRef = C34C16002A9EEC2900FC7A70 /* InfoHubListRouter.swift */; };
		C34C16032A9F47F300FC7A70 /* InfoHubListConfigurator.swift in Sources */ = {isa = PBXBuildFile; fileRef = C34C16022A9F47F300FC7A70 /* InfoHubListConfigurator.swift */; };
		C34C160A2AA032FE00FC7A70 /* InfoHubListDetailsViewController.swift in Sources */ = {isa = PBXBuildFile; fileRef = C34C16092AA032FE00FC7A70 /* InfoHubListDetailsViewController.swift */; };
		C34C160C2AA0331300FC7A70 /* InfoHubListDetailsViewController.storyboard in Resources */ = {isa = PBXBuildFile; fileRef = C34C160B2AA0331300FC7A70 /* InfoHubListDetailsViewController.storyboard */; };
		C34C160E2AA0672900FC7A70 /* InfoHubListDetailsInteractor.swift in Sources */ = {isa = PBXBuildFile; fileRef = C34C160D2AA0672900FC7A70 /* InfoHubListDetailsInteractor.swift */; };
		C34C16102AA06A1000FC7A70 /* infoHubListDetailsPresenter.swift in Sources */ = {isa = PBXBuildFile; fileRef = C34C160F2AA06A1000FC7A70 /* infoHubListDetailsPresenter.swift */; };
		C34C16122AA06E5200FC7A70 /* InfoHubListDetailsConfigurator.swift in Sources */ = {isa = PBXBuildFile; fileRef = C34C16112AA06E5200FC7A70 /* InfoHubListDetailsConfigurator.swift */; };
		C34C16142AA0700000FC7A70 /* InfoHubListDetailsRouter.swift in Sources */ = {isa = PBXBuildFile; fileRef = C34C16132AA0700000FC7A70 /* InfoHubListDetailsRouter.swift */; };
		C34C16172AA1B64F00FC7A70 /* InfoHubSubject.swift in Sources */ = {isa = PBXBuildFile; fileRef = C34C16162AA1B64F00FC7A70 /* InfoHubSubject.swift */; };
		C34C16192AA1DB9300FC7A70 /* InfoHubModels.swift in Sources */ = {isa = PBXBuildFile; fileRef = C34C16182AA1DB9300FC7A70 /* InfoHubModels.swift */; };
		C34C161B2AA5C40900FC7A70 /* InfoHubListModels.swift in Sources */ = {isa = PBXBuildFile; fileRef = C34C161A2AA5C40900FC7A70 /* InfoHubListModels.swift */; };
/* End PBXBuildFile section */

/* Begin PBXFileReference section */
		C34C15BE2A9DAF7500FC7A70 /* InfoHub.app */ = {isa = PBXFileReference; explicitFileType = wrapper.application; includeInIndex = 0; path = InfoHub.app; sourceTree = BUILT_PRODUCTS_DIR; };
		C34C15C12A9DAF7500FC7A70 /* AppDelegate.swift */ = {isa = PBXFileReference; lastKnownFileType = sourcecode.swift; path = AppDelegate.swift; sourceTree = "<group>"; };
		C34C15C32A9DAF7500FC7A70 /* SceneDelegate.swift */ = {isa = PBXFileReference; lastKnownFileType = sourcecode.swift; path = SceneDelegate.swift; sourceTree = "<group>"; };
		C34C15CA2A9DAF7700FC7A70 /* Assets.xcassets */ = {isa = PBXFileReference; lastKnownFileType = folder.assetcatalog; path = Assets.xcassets; sourceTree = "<group>"; };
		C34C15CD2A9DAF7700FC7A70 /* Base */ = {isa = PBXFileReference; lastKnownFileType = file.storyboard; name = Base; path = Base.lproj/LaunchScreen.storyboard; sourceTree = "<group>"; };
		C34C15CF2A9DAF7700FC7A70 /* Info.plist */ = {isa = PBXFileReference; lastKnownFileType = text.plist.xml; path = Info.plist; sourceTree = "<group>"; };
		C34C15DA2A9DB19F00FC7A70 /* InfoHubViewController.swift */ = {isa = PBXFileReference; lastKnownFileType = sourcecode.swift; path = InfoHubViewController.swift; sourceTree = "<group>"; };
		C34C15DC2A9DB1CA00FC7A70 /* InfoHubViewController.storyboard */ = {isa = PBXFileReference; lastKnownFileType = file.storyboard; path = InfoHubViewController.storyboard; sourceTree = "<group>"; };
		C34C15E12A9DB46600FC7A70 /* DataStore.swift */ = {isa = PBXFileReference; lastKnownFileType = sourcecode.swift; path = DataStore.swift; sourceTree = "<group>"; };
		C34C15E32A9DC22F00FC7A70 /* InfoHubPresenter.swift */ = {isa = PBXFileReference; lastKnownFileType = sourcecode.swift; path = InfoHubPresenter.swift; sourceTree = "<group>"; };
		C34C15E52A9DC58200FC7A70 /* InfoHubInteractor.swift */ = {isa = PBXFileReference; lastKnownFileType = sourcecode.swift; path = InfoHubInteractor.swift; sourceTree = "<group>"; };
		C34C15E72A9DC92500FC7A70 /* InfoHubConfigurator.swift */ = {isa = PBXFileReference; lastKnownFileType = sourcecode.swift; path = InfoHubConfigurator.swift; sourceTree = "<group>"; };
		C34C15E92A9DE5E900FC7A70 /* InfoHubRouter.swift */ = {isa = PBXFileReference; lastKnownFileType = sourcecode.swift; path = InfoHubRouter.swift; sourceTree = "<group>"; };
		C34C15EE2A9DE6FB00FC7A70 /* InfoHubListViewController.storyboard */ = {isa = PBXFileReference; lastKnownFileType = file.storyboard; path = InfoHubListViewController.storyboard; sourceTree = "<group>"; };
		C34C15F02A9DE81C00FC7A70 /* InfoHubListViewController.swift */ = {isa = PBXFileReference; lastKnownFileType = sourcecode.swift; path = InfoHubListViewController.swift; sourceTree = "<group>"; };
		C34C15F42A9DEE2700FC7A70 /* InfoHubListCell.swift */ = {isa = PBXFileReference; lastKnownFileType = sourcecode.swift; path = InfoHubListCell.swift; sourceTree = "<group>"; };
		C34C15F52A9DEE2700FC7A70 /* InfoHubListCell.xib */ = {isa = PBXFileReference; lastKnownFileType = file.xib; path = InfoHubListCell.xib; sourceTree = "<group>"; };
		C34C15FC2A9EE61A00FC7A70 /* InfoHubListPresenter.swift */ = {isa = PBXFileReference; lastKnownFileType = sourcecode.swift; path = InfoHubListPresenter.swift; sourceTree = "<group>"; };
		C34C15FE2A9EE71200FC7A70 /* InfoHubListInteractor.swift */ = {isa = PBXFileReference; lastKnownFileType = sourcecode.swift; path = InfoHubListInteractor.swift; sourceTree = "<group>"; };
		C34C16002A9EEC2900FC7A70 /* InfoHubListRouter.swift */ = {isa = PBXFileReference; lastKnownFileType = sourcecode.swift; path = InfoHubListRouter.swift; sourceTree = "<group>"; };
		C34C16022A9F47F300FC7A70 /* InfoHubListConfigurator.swift */ = {isa = PBXFileReference; lastKnownFileType = sourcecode.swift; path = InfoHubListConfigurator.swift; sourceTree = "<group>"; };
		C34C16092AA032FE00FC7A70 /* InfoHubListDetailsViewController.swift */ = {isa = PBXFileReference; lastKnownFileType = sourcecode.swift; path = InfoHubListDetailsViewController.swift; sourceTree = "<group>"; };
		C34C160B2AA0331300FC7A70 /* InfoHubListDetailsViewController.storyboard */ = {isa = PBXFileReference; lastKnownFileType = file.storyboard; path = InfoHubListDetailsViewController.storyboard; sourceTree = "<group>"; };
		C34C160D2AA0672900FC7A70 /* InfoHubListDetailsInteractor.swift */ = {isa = PBXFileReference; lastKnownFileType = sourcecode.swift; path = InfoHubListDetailsInteractor.swift; sourceTree = "<group>"; };
		C34C160F2AA06A1000FC7A70 /* infoHubListDetailsPresenter.swift */ = {isa = PBXFileReference; lastKnownFileType = sourcecode.swift; path = infoHubListDetailsPresenter.swift; sourceTree = "<group>"; };
		C34C16112AA06E5200FC7A70 /* InfoHubListDetailsConfigurator.swift */ = {isa = PBXFileReference; lastKnownFileType = sourcecode.swift; path = InfoHubListDetailsConfigurator.swift; sourceTree = "<group>"; };
		C34C16132AA0700000FC7A70 /* InfoHubListDetailsRouter.swift */ = {isa = PBXFileReference; lastKnownFileType = sourcecode.swift; path = InfoHubListDetailsRouter.swift; sourceTree = "<group>"; };
		C34C16162AA1B64F00FC7A70 /* InfoHubSubject.swift */ = {isa = PBXFileReference; lastKnownFileType = sourcecode.swift; path = InfoHubSubject.swift; sourceTree = "<group>"; };
		C34C16182AA1DB9300FC7A70 /* InfoHubModels.swift */ = {isa = PBXFileReference; lastKnownFileType = sourcecode.swift; path = InfoHubModels.swift; sourceTree = "<group>"; };
		C34C161A2AA5C40900FC7A70 /* InfoHubListModels.swift */ = {isa = PBXFileReference; lastKnownFileType = sourcecode.swift; path = InfoHubListModels.swift; sourceTree = "<group>"; };
/* End PBXFileReference section */

/* Begin PBXFrameworksBuildPhase section */
		C34C15BB2A9DAF7500FC7A70 /* Frameworks */ = {
			isa = PBXFrameworksBuildPhase;
			buildActionMask = 2147483647;
			files = (
			);
			runOnlyForDeploymentPostprocessing = 0;
		};
/* End PBXFrameworksBuildPhase section */

/* Begin PBXGroup section */
		C34C15B52A9DAF7500FC7A70 = {
			isa = PBXGroup;
			children = (
				C34C15C02A9DAF7500FC7A70 /* InfoHub */,
				C34C15BF2A9DAF7500FC7A70 /* Products */,
			);
			sourceTree = "<group>";
		};
		C34C15BF2A9DAF7500FC7A70 /* Products */ = {
			isa = PBXGroup;
			children = (
				C34C15BE2A9DAF7500FC7A70 /* InfoHub.app */,
			);
			name = Products;
			sourceTree = "<group>";
		};
		C34C15C02A9DAF7500FC7A70 /* InfoHub */ = {
			isa = PBXGroup;
			children = (
				C34C16042A9F531000FC7A70 /* InfoHubListDetails */,
				C34C15EB2A9DE6AA00FC7A70 /* InfoHubList */,
				C34C15DE2A9DB3C100FC7A70 /* Services */,
				C34C16152AA1B64100FC7A70 /* Models */,
				C34C15D52A9DB08C00FC7A70 /* App */,
				C34C15D62A9DB0AB00FC7A70 /* Sources */,
				C34C15DC2A9DB1CA00FC7A70 /* InfoHubViewController.storyboard */,
				C34C15CC2A9DAF7700FC7A70 /* LaunchScreen.storyboard */,
				C34C15DA2A9DB19F00FC7A70 /* InfoHubViewController.swift */,
				C34C15E32A9DC22F00FC7A70 /* InfoHubPresenter.swift */,
				C34C15E52A9DC58200FC7A70 /* InfoHubInteractor.swift */,
				C34C15E72A9DC92500FC7A70 /* InfoHubConfigurator.swift */,
				C34C15E92A9DE5E900FC7A70 /* InfoHubRouter.swift */,
				C34C16182AA1DB9300FC7A70 /* InfoHubModels.swift */,
			);
			path = InfoHub;
			sourceTree = "<group>";
		};
		C34C15D52A9DB08C00FC7A70 /* App */ = {
			isa = PBXGroup;
			children = (
				C34C15CF2A9DAF7700FC7A70 /* Info.plist */,
				C34C15C32A9DAF7500FC7A70 /* SceneDelegate.swift */,
				C34C15C12A9DAF7500FC7A70 /* AppDelegate.swift */,
			);
			path = App;
			sourceTree = "<group>";
		};
		C34C15D62A9DB0AB00FC7A70 /* Sources */ = {
			isa = PBXGroup;
			children = (
				C34C15CA2A9DAF7700FC7A70 /* Assets.xcassets */,
			);
			path = Sources;
			sourceTree = "<group>";
		};
		C34C15DE2A9DB3C100FC7A70 /* Services */ = {
			isa = PBXGroup;
			children = (
				C34C15E12A9DB46600FC7A70 /* DataStore.swift */,
			);
			path = Services;
			sourceTree = "<group>";
		};
		C34C15EB2A9DE6AA00FC7A70 /* InfoHubList */ = {
			isa = PBXGroup;
			children = (
				C34C15F22A9DEDDE00FC7A70 /* Cells */,
				C34C15EE2A9DE6FB00FC7A70 /* InfoHubListViewController.storyboard */,
				C34C15F02A9DE81C00FC7A70 /* InfoHubListViewController.swift */,
				C34C15FC2A9EE61A00FC7A70 /* InfoHubListPresenter.swift */,
				C34C15FE2A9EE71200FC7A70 /* InfoHubListInteractor.swift */,
				C34C16002A9EEC2900FC7A70 /* InfoHubListRouter.swift */,
				C34C16022A9F47F300FC7A70 /* InfoHubListConfigurator.swift */,
				C34C161A2AA5C40900FC7A70 /* InfoHubListModels.swift */,
			);
			path = InfoHubList;
			sourceTree = "<group>";
		};
		C34C15F22A9DEDDE00FC7A70 /* Cells */ = {
			isa = PBXGroup;
			children = (
				C34C15F32A9DEDF400FC7A70 /* InfoHubListCell */,
			);
			path = Cells;
			sourceTree = "<group>";
		};
		C34C15F32A9DEDF400FC7A70 /* InfoHubListCell */ = {
			isa = PBXGroup;
			children = (
				C34C15F52A9DEE2700FC7A70 /* InfoHubListCell.xib */,
				C34C15F42A9DEE2700FC7A70 /* InfoHubListCell.swift */,
			);
			path = InfoHubListCell;
			sourceTree = "<group>";
		};
		C34C16042A9F531000FC7A70 /* InfoHubListDetails */ = {
			isa = PBXGroup;
			children = (
				C34C160B2AA0331300FC7A70 /* InfoHubListDetailsViewController.storyboard */,
				C34C16092AA032FE00FC7A70 /* InfoHubListDetailsViewController.swift */,
				C34C160D2AA0672900FC7A70 /* InfoHubListDetailsInteractor.swift */,
				C34C160F2AA06A1000FC7A70 /* infoHubListDetailsPresenter.swift */,
				C34C16132AA0700000FC7A70 /* InfoHubListDetailsRouter.swift */,
				C34C16112AA06E5200FC7A70 /* InfoHubListDetailsConfigurator.swift */,
			);
			path = InfoHubListDetails;
			sourceTree = "<group>";
		};
		C34C16152AA1B64100FC7A70 /* Models */ = {
			isa = PBXGroup;
			children = (
				C34C16162AA1B64F00FC7A70 /* InfoHubSubject.swift */,
			);
			path = Models;
			sourceTree = "<group>";
		};
/* End PBXGroup section */

/* Begin PBXNativeTarget section */
		C34C15BD2A9DAF7500FC7A70 /* InfoHub */ = {
			isa = PBXNativeTarget;
			buildConfigurationList = C34C15D22A9DAF7700FC7A70 /* Build configuration list for PBXNativeTarget "InfoHub" */;
			buildPhases = (
				C34C15BA2A9DAF7500FC7A70 /* Sources */,
				C34C15BB2A9DAF7500FC7A70 /* Frameworks */,
				C34C15BC2A9DAF7500FC7A70 /* Resources */,
			);
			buildRules = (
			);
			dependencies = (
			);
			name = InfoHub;
			productName = InfoHub;
			productReference = C34C15BE2A9DAF7500FC7A70 /* InfoHub.app */;
			productType = "com.apple.product-type.application";
		};
/* End PBXNativeTarget section */

/* Begin PBXProject section */
		C34C15B62A9DAF7500FC7A70 /* Project object */ = {
			isa = PBXProject;
			attributes = {
				BuildIndependentTargetsInParallel = 1;
				LastSwiftUpdateCheck = 1430;
				LastUpgradeCheck = 1430;
				TargetAttributes = {
					C34C15BD2A9DAF7500FC7A70 = {
						CreatedOnToolsVersion = 14.3;
					};
				};
			};
			buildConfigurationList = C34C15B92A9DAF7500FC7A70 /* Build configuration list for PBXProject "InfoHub" */;
			compatibilityVersion = "Xcode 14.0";
			developmentRegion = en;
			hasScannedForEncodings = 0;
			knownRegions = (
				en,
				Base,
			);
			mainGroup = C34C15B52A9DAF7500FC7A70;
			productRefGroup = C34C15BF2A9DAF7500FC7A70 /* Products */;
			projectDirPath = "";
			projectRoot = "";
			targets = (
				C34C15BD2A9DAF7500FC7A70 /* InfoHub */,
			);
		};
/* End PBXProject section */

/* Begin PBXResourcesBuildPhase section */
		C34C15BC2A9DAF7500FC7A70 /* Resources */ = {
			isa = PBXResourcesBuildPhase;
			buildActionMask = 2147483647;
			files = (
				C34C160C2AA0331300FC7A70 /* InfoHubListDetailsViewController.storyboard in Resources */,
				C34C15CE2A9DAF7700FC7A70 /* LaunchScreen.storyboard in Resources */,
				C34C15F72A9DEE2700FC7A70 /* InfoHubListCell.xib in Resources */,
				C34C15EF2A9DE6FB00FC7A70 /* InfoHubListViewController.storyboard in Resources */,
				C34C15CB2A9DAF7700FC7A70 /* Assets.xcassets in Resources */,
				C34C15DD2A9DB1CA00FC7A70 /* InfoHubViewController.storyboard in Resources */,
			);
			runOnlyForDeploymentPostprocessing = 0;
		};
/* End PBXResourcesBuildPhase section */

/* Begin PBXSourcesBuildPhase section */
		C34C15BA2A9DAF7500FC7A70 /* Sources */ = {
			isa = PBXSourcesBuildPhase;
			buildActionMask = 2147483647;
			files = (
				C34C16172AA1B64F00FC7A70 /* InfoHubSubject.swift in Sources */,
				C34C15C22A9DAF7500FC7A70 /* AppDelegate.swift in Sources */,
				C34C160E2AA0672900FC7A70 /* InfoHubListDetailsInteractor.swift in Sources */,
				C34C15F62A9DEE2700FC7A70 /* InfoHubListCell.swift in Sources */,
				C34C15FF2A9EE71200FC7A70 /* InfoHubListInteractor.swift in Sources */,
				C34C15E42A9DC22F00FC7A70 /* InfoHubPresenter.swift in Sources */,
				C34C15EA2A9DE5E900FC7A70 /* InfoHubRouter.swift in Sources */,
				C34C161B2AA5C40900FC7A70 /* InfoHubListModels.swift in Sources */,
				C34C15FD2A9EE61A00FC7A70 /* InfoHubListPresenter.swift in Sources */,
				C34C16142AA0700000FC7A70 /* InfoHubListDetailsRouter.swift in Sources */,
				C34C16012A9EEC2900FC7A70 /* InfoHubListRouter.swift in Sources */,
				C34C15E22A9DB46600FC7A70 /* DataStore.swift in Sources */,
				C34C16102AA06A1000FC7A70 /* infoHubListDetailsPresenter.swift in Sources */,
				C34C16122AA06E5200FC7A70 /* InfoHubListDetailsConfigurator.swift in Sources */,
				C34C15F12A9DE81C00FC7A70 /* InfoHubListViewController.swift in Sources */,
				C34C15DB2A9DB19F00FC7A70 /* InfoHubViewController.swift in Sources */,
				C34C16032A9F47F300FC7A70 /* InfoHubListConfigurator.swift in Sources */,
				C34C15E62A9DC58200FC7A70 /* InfoHubInteractor.swift in Sources */,
				C34C160A2AA032FE00FC7A70 /* InfoHubListDetailsViewController.swift in Sources */,
				C34C15C42A9DAF7500FC7A70 /* SceneDelegate.swift in Sources */,
				C34C15E82A9DC92500FC7A70 /* InfoHubConfigurator.swift in Sources */,
				C34C16192AA1DB9300FC7A70 /* InfoHubModels.swift in Sources */,
			);
			runOnlyForDeploymentPostprocessing = 0;
		};
/* End PBXSourcesBuildPhase section */

/* Begin PBXVariantGroup section */
		C34C15CC2A9DAF7700FC7A70 /* LaunchScreen.storyboard */ = {
			isa = PBXVariantGroup;
			children = (
				C34C15CD2A9DAF7700FC7A70 /* Base */,
			);
			name = LaunchScreen.storyboard;
			sourceTree = "<group>";
		};
/* End PBXVariantGroup section */

/* Begin XCBuildConfiguration section */
		C34C15D02A9DAF7700FC7A70 /* Debug */ = {
			isa = XCBuildConfiguration;
			buildSettings = {
				ALWAYS_SEARCH_USER_PATHS = NO;
				CLANG_ANALYZER_NONNULL = YES;
				CLANG_ANALYZER_NUMBER_OBJECT_CONVERSION = YES_AGGRESSIVE;
				CLANG_CXX_LANGUAGE_STANDARD = "gnu++20";
				CLANG_ENABLE_MODULES = YES;
				CLANG_ENABLE_OBJC_ARC = YES;
				CLANG_ENABLE_OBJC_WEAK = YES;
				CLANG_WARN_BLOCK_CAPTURE_AUTORELEASING = YES;
				CLANG_WARN_BOOL_CONVERSION = YES;
				CLANG_WARN_COMMA = YES;
				CLANG_WARN_CONSTANT_CONVERSION = YES;
				CLANG_WARN_DEPRECATED_OBJC_IMPLEMENTATIONS = YES;
				CLANG_WARN_DIRECT_OBJC_ISA_USAGE = YES_ERROR;
				CLANG_WARN_DOCUMENTATION_COMMENTS = YES;
				CLANG_WARN_EMPTY_BODY = YES;
				CLANG_WARN_ENUM_CONVERSION = YES;
				CLANG_WARN_INFINITE_RECURSION = YES;
				CLANG_WARN_INT_CONVERSION = YES;
				CLANG_WARN_NON_LITERAL_NULL_CONVERSION = YES;
				CLANG_WARN_OBJC_IMPLICIT_RETAIN_SELF = YES;
				CLANG_WARN_OBJC_LITERAL_CONVERSION = YES;
				CLANG_WARN_OBJC_ROOT_CLASS = YES_ERROR;
				CLANG_WARN_QUOTED_INCLUDE_IN_FRAMEWORK_HEADER = YES;
				CLANG_WARN_RANGE_LOOP_ANALYSIS = YES;
				CLANG_WARN_STRICT_PROTOTYPES = YES;
				CLANG_WARN_SUSPICIOUS_MOVE = YES;
				CLANG_WARN_UNGUARDED_AVAILABILITY = YES_AGGRESSIVE;
				CLANG_WARN_UNREACHABLE_CODE = YES;
				CLANG_WARN__DUPLICATE_METHOD_MATCH = YES;
				COPY_PHASE_STRIP = NO;
				DEBUG_INFORMATION_FORMAT = dwarf;
				ENABLE_STRICT_OBJC_MSGSEND = YES;
				ENABLE_TESTABILITY = YES;
				GCC_C_LANGUAGE_STANDARD = gnu11;
				GCC_DYNAMIC_NO_PIC = NO;
				GCC_NO_COMMON_BLOCKS = YES;
				GCC_OPTIMIZATION_LEVEL = 0;
				GCC_PREPROCESSOR_DEFINITIONS = (
					"DEBUG=1",
					"$(inherited)",
				);
				GCC_WARN_64_TO_32_BIT_CONVERSION = YES;
				GCC_WARN_ABOUT_RETURN_TYPE = YES_ERROR;
				GCC_WARN_UNDECLARED_SELECTOR = YES;
				GCC_WARN_UNINITIALIZED_AUTOS = YES_AGGRESSIVE;
				GCC_WARN_UNUSED_FUNCTION = YES;
				GCC_WARN_UNUSED_VARIABLE = YES;
				IPHONEOS_DEPLOYMENT_TARGET = 16.4;
				MTL_ENABLE_DEBUG_INFO = INCLUDE_SOURCE;
				MTL_FAST_MATH = YES;
				ONLY_ACTIVE_ARCH = YES;
				SDKROOT = iphoneos;
				SWIFT_ACTIVE_COMPILATION_CONDITIONS = DEBUG;
				SWIFT_OPTIMIZATION_LEVEL = "-Onone";
			};
			name = Debug;
		};
		C34C15D12A9DAF7700FC7A70 /* Release */ = {
			isa = XCBuildConfiguration;
			buildSettings = {
				ALWAYS_SEARCH_USER_PATHS = NO;
				CLANG_ANALYZER_NONNULL = YES;
				CLANG_ANALYZER_NUMBER_OBJECT_CONVERSION = YES_AGGRESSIVE;
				CLANG_CXX_LANGUAGE_STANDARD = "gnu++20";
				CLANG_ENABLE_MODULES = YES;
				CLANG_ENABLE_OBJC_ARC = YES;
				CLANG_ENABLE_OBJC_WEAK = YES;
				CLANG_WARN_BLOCK_CAPTURE_AUTORELEASING = YES;
				CLANG_WARN_BOOL_CONVERSION = YES;
				CLANG_WARN_COMMA = YES;
				CLANG_WARN_CONSTANT_CONVERSION = YES;
				CLANG_WARN_DEPRECATED_OBJC_IMPLEMENTATIONS = YES;
				CLANG_WARN_DIRECT_OBJC_ISA_USAGE = YES_ERROR;
				CLANG_WARN_DOCUMENTATION_COMMENTS = YES;
				CLANG_WARN_EMPTY_BODY = YES;
				CLANG_WARN_ENUM_CONVERSION = YES;
				CLANG_WARN_INFINITE_RECURSION = YES;
				CLANG_WARN_INT_CONVERSION = YES;
				CLANG_WARN_NON_LITERAL_NULL_CONVERSION = YES;
				CLANG_WARN_OBJC_IMPLICIT_RETAIN_SELF = YES;
				CLANG_WARN_OBJC_LITERAL_CONVERSION = YES;
				CLANG_WARN_OBJC_ROOT_CLASS = YES_ERROR;
				CLANG_WARN_QUOTED_INCLUDE_IN_FRAMEWORK_HEADER = YES;
				CLANG_WARN_RANGE_LOOP_ANALYSIS = YES;
				CLANG_WARN_STRICT_PROTOTYPES = YES;
				CLANG_WARN_SUSPICIOUS_MOVE = YES;
				CLANG_WARN_UNGUARDED_AVAILABILITY = YES_AGGRESSIVE;
				CLANG_WARN_UNREACHABLE_CODE = YES;
				CLANG_WARN__DUPLICATE_METHOD_MATCH = YES;
				COPY_PHASE_STRIP = NO;
				DEBUG_INFORMATION_FORMAT = "dwarf-with-dsym";
				ENABLE_NS_ASSERTIONS = NO;
				ENABLE_STRICT_OBJC_MSGSEND = YES;
				GCC_C_LANGUAGE_STANDARD = gnu11;
				GCC_NO_COMMON_BLOCKS = YES;
				GCC_WARN_64_TO_32_BIT_CONVERSION = YES;
				GCC_WARN_ABOUT_RETURN_TYPE = YES_ERROR;
				GCC_WARN_UNDECLARED_SELECTOR = YES;
				GCC_WARN_UNINITIALIZED_AUTOS = YES_AGGRESSIVE;
				GCC_WARN_UNUSED_FUNCTION = YES;
				GCC_WARN_UNUSED_VARIABLE = YES;
				IPHONEOS_DEPLOYMENT_TARGET = 16.4;
				MTL_ENABLE_DEBUG_INFO = NO;
				MTL_FAST_MATH = YES;
				SDKROOT = iphoneos;
				SWIFT_COMPILATION_MODE = wholemodule;
				SWIFT_OPTIMIZATION_LEVEL = "-O";
				VALIDATE_PRODUCT = YES;
			};
			name = Release;
		};
		C34C15D32A9DAF7700FC7A70 /* Debug */ = {
			isa = XCBuildConfiguration;
			buildSettings = {
				ASSETCATALOG_COMPILER_APPICON_NAME = AppIcon;
				ASSETCATALOG_COMPILER_GLOBAL_ACCENT_COLOR_NAME = AccentColor;
				CODE_SIGN_STYLE = Automatic;
				CURRENT_PROJECT_VERSION = 1;
				DEVELOPMENT_TEAM = SHUNAN4YC4;
				GENERATE_INFOPLIST_FILE = YES;
				INFOPLIST_FILE = InfoHub/App/Info.plist;
				INFOPLIST_KEY_UIApplicationSupportsIndirectInputEvents = YES;
				INFOPLIST_KEY_UILaunchStoryboardName = LaunchScreen;
				INFOPLIST_KEY_UIMainStoryboardFile = InfoHubViewController;
				INFOPLIST_KEY_UISupportedInterfaceOrientations_iPad = "UIInterfaceOrientationPortrait UIInterfaceOrientationPortraitUpsideDown UIInterfaceOrientationLandscapeLeft UIInterfaceOrientationLandscapeRight";
				INFOPLIST_KEY_UISupportedInterfaceOrientations_iPhone = "UIInterfaceOrientationPortrait UIInterfaceOrientationLandscapeLeft UIInterfaceOrientationLandscapeRight";
				LD_RUNPATH_SEARCH_PATHS = (
					"$(inherited)",
					"@executable_path/Frameworks",
				);
				MARKETING_VERSION = 1.0;
				PRODUCT_BUNDLE_IDENTIFIER = iosken.InfoHub;
				PRODUCT_NAME = "$(TARGET_NAME)";
				SWIFT_EMIT_LOC_STRINGS = YES;
				SWIFT_VERSION = 5.0;
				TARGETED_DEVICE_FAMILY = "1,2";
			};
			name = Debug;
		};
		C34C15D42A9DAF7700FC7A70 /* Release */ = {
			isa = XCBuildConfiguration;
			buildSettings = {
				ASSETCATALOG_COMPILER_APPICON_NAME = AppIcon;
				ASSETCATALOG_COMPILER_GLOBAL_ACCENT_COLOR_NAME = AccentColor;
				CODE_SIGN_STYLE = Automatic;
				CURRENT_PROJECT_VERSION = 1;
				DEVELOPMENT_TEAM = SHUNAN4YC4;
				GENERATE_INFOPLIST_FILE = YES;
				INFOPLIST_FILE = InfoHub/App/Info.plist;
				INFOPLIST_KEY_UIApplicationSupportsIndirectInputEvents = YES;
				INFOPLIST_KEY_UILaunchStoryboardName = LaunchScreen;
				INFOPLIST_KEY_UIMainStoryboardFile = InfoHubViewController;
				INFOPLIST_KEY_UISupportedInterfaceOrientations_iPad = "UIInterfaceOrientationPortrait UIInterfaceOrientationPortraitUpsideDown UIInterfaceOrientationLandscapeLeft UIInterfaceOrientationLandscapeRight";
				INFOPLIST_KEY_UISupportedInterfaceOrientations_iPhone = "UIInterfaceOrientationPortrait UIInterfaceOrientationLandscapeLeft UIInterfaceOrientationLandscapeRight";
				LD_RUNPATH_SEARCH_PATHS = (
					"$(inherited)",
					"@executable_path/Frameworks",
				);
				MARKETING_VERSION = 1.0;
				PRODUCT_BUNDLE_IDENTIFIER = iosken.InfoHub;
				PRODUCT_NAME = "$(TARGET_NAME)";
				SWIFT_EMIT_LOC_STRINGS = YES;
				SWIFT_VERSION = 5.0;
				TARGETED_DEVICE_FAMILY = "1,2";
			};
			name = Release;
		};
/* End XCBuildConfiguration section */

/* Begin XCConfigurationList section */
		C34C15B92A9DAF7500FC7A70 /* Build configuration list for PBXProject "InfoHub" */ = {
			isa = XCConfigurationList;
			buildConfigurations = (
				C34C15D02A9DAF7700FC7A70 /* Debug */,
				C34C15D12A9DAF7700FC7A70 /* Release */,
			);
			defaultConfigurationIsVisible = 0;
			defaultConfigurationName = Release;
		};
		C34C15D22A9DAF7700FC7A70 /* Build configuration list for PBXNativeTarget "InfoHub" */ = {
			isa = XCConfigurationList;
			buildConfigurations = (
				C34C15D32A9DAF7700FC7A70 /* Debug */,
				C34C15D42A9DAF7700FC7A70 /* Release */,
			);
			defaultConfigurationIsVisible = 0;
			defaultConfigurationName = Release;
		};
/* End XCConfigurationList section */
	};
	rootObject = C34C15B62A9DAF7500FC7A70 /* Project object */;
}
